
Microsoft Visual Studio Solution File, Format Version 12.00
# Visual Studio Version 16
VisualStudioVersion = 16.0.29609.76
MinimumVisualStudioVersion = 10.0.40219.1
Project("{FAE04EC0-301F-11D3-BF4B-00C04F79EFBC}") = "NeutrinoStudio.Shell", "NeutrinoStudio.Shell\NeutrinoStudio.Shell.csproj", "{1BBF60DE-D244-40D3-AE7F-BEE2C82C3BFB}"
	ProjectSection(ProjectDependencies) = postProject
		{21B4AD15-D9FA-4873-BFAD-1EEEFBC6C264} = {21B4AD15-D9FA-4873-BFAD-1EEEFBC6C264}
		{7F898B3A-DA17-4CAB-B387-5629B5FACA49} = {7F898B3A-DA17-4CAB-B387-5629B5FACA49}
		{A6B0A741-5BE0-479D-B813-E65672350057} = {A6B0A741-5BE0-479D-B813-E65672350057}
		{35F4CDD9-E656-48C1-96F8-77CB63480E08} = {35F4CDD9-E656-48C1-96F8-77CB63480E08}
		{2BD226E4-B931-4B46-A6C3-D15270AD0565} = {2BD226E4-B931-4B46-A6C3-D15270AD0565}
		{0AF0B9FF-D981-4D0F-A41F-C3AB6FE2F16D} = {0AF0B9FF-D981-4D0F-A41F-C3AB6FE2F16D}
	EndProjectSection
EndProject
Project("{FAE04EC0-301F-11D3-BF4B-00C04F79EFBC}") = "RetroRadiance", "MetroRadiance\source\RetroRadiance\RetroRadiance.csproj", "{7F898B3A-DA17-4CAB-B387-5629B5FACA49}"
EndProject
Project("{FAE04EC0-301F-11D3-BF4B-00C04F79EFBC}") = "MetroRadiance.Core", "MetroRadiance\source\MetroRadiance.Core\MetroRadiance.Core.csproj", "{A6B0A741-5BE0-479D-B813-E65672350057}"
EndProject
Project("{FAE04EC0-301F-11D3-BF4B-00C04F79EFBC}") = "MetroRadiance.Chrome.Externals", "MetroRadiance\source\MetroRadiance.Chrome.Externals\MetroRadiance.Chrome.Externals.csproj", "{35F4CDD9-E656-48C1-96F8-77CB63480E08}"
EndProject
Project("{FAE04EC0-301F-11D3-BF4B-00C04F79EFBC}") = "MetroRadiance.Chrome", "MetroRadiance\source\MetroRadiance.Chrome\MetroRadiance.Chrome.csproj", "{21B4AD15-D9FA-4873-BFAD-1EEEFBC6C264}"
EndProject
Project("{FAE04EC0-301F-11D3-BF4B-00C04F79EFBC}") = "MetroRadiance", "MetroRadiance\source\MetroRadiance\MetroRadiance.csproj", "{0AF0B9FF-D981-4D0F-A41F-C3AB6FE2F16D}"
EndProject
Project("{FAE04EC0-301F-11D3-BF4B-00C04F79EFBC}") = "YDock", "YDock\YDock\YDock.csproj", "{2BD226E4-B931-4B46-A6C3-D15270AD0565}"
	ProjectSection(ProjectDependencies) = postProject
		{21B4AD15-D9FA-4873-BFAD-1EEEFBC6C264} = {21B4AD15-D9FA-4873-BFAD-1EEEFBC6C264}
		{7F898B3A-DA17-4CAB-B387-5629B5FACA49} = {7F898B3A-DA17-4CAB-B387-5629B5FACA49}
		{A6B0A741-5BE0-479D-B813-E65672350057} = {A6B0A741-5BE0-479D-B813-E65672350057}
		{35F4CDD9-E656-48C1-96F8-77CB63480E08} = {35F4CDD9-E656-48C1-96F8-77CB63480E08}
		{0AF0B9FF-D981-4D0F-A41F-C3AB6FE2F16D} = {0AF0B9FF-D981-4D0F-A41F-C3AB6FE2F16D}
	EndProjectSection
EndProject
Project("{FAE04EC0-301F-11D3-BF4B-00C04F79EFBC}") = "NeutrinoStudio.Utilities", "NeutrinoStudio.Utilities\NeutrinoStudio.Utilities.csproj", "{0354D973-EC37-4E94-941A-A12DD2629E96}"
EndProject
Project("{FAE04EC0-301F-11D3-BF4B-00C04F79EFBC}") = "NeuTask", "NeuTask\NeuTask\NeuTask.csproj", "{55FBC5C7-565A-4471-9151-36C423A2A1FE}"
EndProject
Project("{FAE04EC0-301F-11D3-BF4B-00C04F79EFBC}") = "NeutrinoStudio.Core", "NeutrinoStudio.Core\NeutrinoStudio.Core.csproj", "{B535FAD6-A3CC-4FE7-94B7-99C810115BE4}"
EndProject
Global
	GlobalSection(SolutionConfigurationPlatforms) = preSolution
		Debug|Any CPU = Debug|Any CPU
		Debug|x86 = Debug|x86
		Release RETRO|Any CPU = Release RETRO|Any CPU
		Release RETRO|x86 = Release RETRO|x86
		Release|Any CPU = Release|Any CPU
		Release|x86 = Release|x86
	EndGlobalSection
	GlobalSection(ProjectConfigurationPlatforms) = postSolution
		{1BBF60DE-D244-40D3-AE7F-BEE2C82C3BFB}.Debug|Any CPU.ActiveCfg = Debug|Any CPU
		{1BBF60DE-D244-40D3-AE7F-BEE2C82C3BFB}.Debug|Any CPU.Build.0 = Debug|Any CPU
		{1BBF60DE-D244-40D3-AE7F-BEE2C82C3BFB}.Debug|x86.ActiveCfg = Debug|Any CPU
		{1BBF60DE-D244-40D3-AE7F-BEE2C82C3BFB}.Debug|x86.Build.0 = Debug|Any CPU
		{1BBF60DE-D244-40D3-AE7F-BEE2C82C3BFB}.Release RETRO|Any CPU.ActiveCfg = Release|Any CPU
		{1BBF60DE-D244-40D3-AE7F-BEE2C82C3BFB}.Release RETRO|Any CPU.Build.0 = Release|Any CPU
		{1BBF60DE-D244-40D3-AE7F-BEE2C82C3BFB}.Release RETRO|x86.ActiveCfg = Release|Any CPU
		{1BBF60DE-D244-40D3-AE7F-BEE2C82C3BFB}.Release RETRO|x86.Build.0 = Release|Any CPU
		{1BBF60DE-D244-40D3-AE7F-BEE2C82C3BFB}.Release|Any CPU.ActiveCfg = Release|Any CPU
		{1BBF60DE-D244-40D3-AE7F-BEE2C82C3BFB}.Release|Any CPU.Build.0 = Release|Any CPU
		{1BBF60DE-D244-40D3-AE7F-BEE2C82C3BFB}.Release|x86.ActiveCfg = Release|Any CPU
		{1BBF60DE-D244-40D3-AE7F-BEE2C82C3BFB}.Release|x86.Build.0 = Release|Any CPU
		{7F898B3A-DA17-4CAB-B387-5629B5FACA49}.Debug|Any CPU.ActiveCfg = Debug|Any CPU
		{7F898B3A-DA17-4CAB-B387-5629B5FACA49}.Debug|Any CPU.Build.0 = Debug|Any CPU
		{7F898B3A-DA17-4CAB-B387-5629B5FACA49}.Debug|x86.ActiveCfg = Debug|Any CPU
		{7F898B3A-DA17-4CAB-B387-5629B5FACA49}.Debug|x86.Build.0 = Debug|Any CPU
		{7F898B3A-DA17-4CAB-B387-5629B5FACA49}.Release RETRO|Any CPU.ActiveCfg = Release|Any CPU
		{7F898B3A-DA17-4CAB-B387-5629B5FACA49}.Release RETRO|Any CPU.Build.0 = Release|Any CPU
		{7F898B3A-DA17-4CAB-B387-5629B5FACA49}.Release RETRO|x86.ActiveCfg = Release|Any CPU
		{7F898B3A-DA17-4CAB-B387-5629B5FACA49}.Release RETRO|x86.Build.0 = Release|Any CPU
		{7F898B3A-DA17-4CAB-B387-5629B5FACA49}.Release|Any CPU.ActiveCfg = Release|Any CPU
		{7F898B3A-DA17-4CAB-B387-5629B5FACA49}.Release|Any CPU.Build.0 = Release|Any CPU
		{7F898B3A-DA17-4CAB-B387-5629B5FACA49}.Release|x86.ActiveCfg = Release|Any CPU
		{7F898B3A-DA17-4CAB-B387-5629B5FACA49}.Release|x86.Build.0 = Release|Any CPU
		{A6B0A741-5BE0-479D-B813-E65672350057}.Debug|Any CPU.ActiveCfg = Debug|Any CPU
		{A6B0A741-5BE0-479D-B813-E65672350057}.Debug|Any CPU.Build.0 = Debug|Any CPU
		{A6B0A741-5BE0-479D-B813-E65672350057}.Debug|x86.ActiveCfg = Debug|Any CPU
		{A6B0A741-5BE0-479D-B813-E65672350057}.Debug|x86.Build.0 = Debug|Any CPU
		{A6B0A741-5BE0-479D-B813-E65672350057}.Release RETRO|Any CPU.ActiveCfg = Release|Any CPU
		{A6B0A741-5BE0-479D-B813-E65672350057}.Release RETRO|Any CPU.Build.0 = Release|Any CPU
		{A6B0A741-5BE0-479D-B813-E65672350057}.Release RETRO|x86.ActiveCfg = Release|Any CPU
		{A6B0A741-5BE0-479D-B813-E65672350057}.Release RETRO|x86.Build.0 = Release|Any CPU
		{A6B0A741-5BE0-479D-B813-E65672350057}.Release|Any CPU.ActiveCfg = Release|Any CPU
		{A6B0A741-5BE0-479D-B813-E65672350057}.Release|Any CPU.Build.0 = Release|Any CPU
		{A6B0A741-5BE0-479D-B813-E65672350057}.Release|x86.ActiveCfg = Release|Any CPU
		{A6B0A741-5BE0-479D-B813-E65672350057}.Release|x86.Build.0 = Release|Any CPU
		{35F4CDD9-E656-48C1-96F8-77CB63480E08}.Debug|Any CPU.ActiveCfg = Debug|Any CPU
		{35F4CDD9-E656-48C1-96F8-77CB63480E08}.Debug|Any CPU.Build.0 = Debug|Any CPU
		{35F4CDD9-E656-48C1-96F8-77CB63480E08}.Debug|x86.ActiveCfg = Debug|Any CPU
		{35F4CDD9-E656-48C1-96F8-77CB63480E08}.Debug|x86.Build.0 = Debug|Any CPU
		{35F4CDD9-E656-48C1-96F8-77CB63480E08}.Release RETRO|Any CPU.ActiveCfg = Release|Any CPU
		{35F4CDD9-E656-48C1-96F8-77CB63480E08}.Release RETRO|Any CPU.Build.0 = Release|Any CPU
		{35F4CDD9-E656-48C1-96F8-77CB63480E08}.Release RETRO|x86.ActiveCfg = Release|Any CPU
		{35F4CDD9-E656-48C1-96F8-77CB63480E08}.Release RETRO|x86.Build.0 = Release|Any CPU
		{35F4CDD9-E656-48C1-96F8-77CB63480E08}.Release|Any CPU.ActiveCfg = Release|Any CPU
		{35F4CDD9-E656-48C1-96F8-77CB63480E08}.Release|Any CPU.Build.0 = Release|Any CPU
		{35F4CDD9-E656-48C1-96F8-77CB63480E08}.Release|x86.ActiveCfg = Release|Any CPU
		{35F4CDD9-E656-48C1-96F8-77CB63480E08}.Release|x86.Build.0 = Release|Any CPU
		{21B4AD15-D9FA-4873-BFAD-1EEEFBC6C264}.Debug|Any CPU.ActiveCfg = Debug|Any CPU
		{21B4AD15-D9FA-4873-BFAD-1EEEFBC6C264}.Debug|Any CPU.Build.0 = Debug|Any CPU
		{21B4AD15-D9FA-4873-BFAD-1EEEFBC6C264}.Debug|x86.ActiveCfg = Debug|Any CPU
		{21B4AD15-D9FA-4873-BFAD-1EEEFBC6C264}.Debug|x86.Build.0 = Debug|Any CPU
		{21B4AD15-D9FA-4873-BFAD-1EEEFBC6C264}.Release RETRO|Any CPU.ActiveCfg = Release|Any CPU
		{21B4AD15-D9FA-4873-BFAD-1EEEFBC6C264}.Release RETRO|Any CPU.Build.0 = Release|Any CPU
		{21B4AD15-D9FA-4873-BFAD-1EEEFBC6C264}.Release RETRO|x86.ActiveCfg = Release|Any CPU
		{21B4AD15-D9FA-4873-BFAD-1EEEFBC6C264}.Release RETRO|x86.Build.0 = Release|Any CPU
		{21B4AD15-D9FA-4873-BFAD-1EEEFBC6C264}.Release|Any CPU.ActiveCfg = Release|Any CPU
		{21B4AD15-D9FA-4873-BFAD-1EEEFBC6C264}.Release|Any CPU.Build.0 = Release|Any CPU
		{21B4AD15-D9FA-4873-BFAD-1EEEFBC6C264}.Release|x86.ActiveCfg = Release|Any CPU
		{21B4AD15-D9FA-4873-BFAD-1EEEFBC6C264}.Release|x86.Build.0 = Release|Any CPU
		{0AF0B9FF-D981-4D0F-A41F-C3AB6FE2F16D}.Debug|Any CPU.ActiveCfg = Debug|Any CPU
		{0AF0B9FF-D981-4D0F-A41F-C3AB6FE2F16D}.Debug|Any CPU.Build.0 = Debug|Any CPU
		{0AF0B9FF-D981-4D0F-A41F-C3AB6FE2F16D}.Debug|x86.ActiveCfg = Debug|Any CPU
		{0AF0B9FF-D981-4D0F-A41F-C3AB6FE2F16D}.Debug|x86.Build.0 = Debug|Any CPU
		{0AF0B9FF-D981-4D0F-A41F-C3AB6FE2F16D}.Release RETRO|Any CPU.ActiveCfg = Release RETRO|Any CPU
		{0AF0B9FF-D981-4D0F-A41F-C3AB6FE2F16D}.Release RETRO|Any CPU.Build.0 = Release RETRO|Any CPU
		{0AF0B9FF-D981-4D0F-A41F-C3AB6FE2F16D}.Release RETRO|x86.ActiveCfg = Release RETRO|Any CPU
		{0AF0B9FF-D981-4D0F-A41F-C3AB6FE2F16D}.Release RETRO|x86.Build.0 = Release RETRO|Any CPU
		{0AF0B9FF-D981-4D0F-A41F-C3AB6FE2F16D}.Release|Any CPU.ActiveCfg = Release|Any CPU
		{0AF0B9FF-D981-4D0F-A41F-C3AB6FE2F16D}.Release|Any CPU.Build.0 = Release|Any CPU
		{0AF0B9FF-D981-4D0F-A41F-C3AB6FE2F16D}.Release|x86.ActiveCfg = Release|Any CPU
		{0AF0B9FF-D981-4D0F-A41F-C3AB6FE2F16D}.Release|x86.Build.0 = Release|Any CPU
		{2BD226E4-B931-4B46-A6C3-D15270AD0565}.Debug|Any CPU.ActiveCfg = Debug|Any CPU
		{2BD226E4-B931-4B46-A6C3-D15270AD0565}.Debug|Any CPU.Build.0 = Debug|Any CPU
		{2BD226E4-B931-4B46-A6C3-D15270AD0565}.Debug|x86.ActiveCfg = Debug|x86
		{2BD226E4-B931-4B46-A6C3-D15270AD0565}.Debug|x86.Build.0 = Debug|x86
		{2BD226E4-B931-4B46-A6C3-D15270AD0565}.Release RETRO|Any CPU.ActiveCfg = Release|Any CPU
		{2BD226E4-B931-4B46-A6C3-D15270AD0565}.Release RETRO|Any CPU.Build.0 = Release|Any CPU
		{2BD226E4-B931-4B46-A6C3-D15270AD0565}.Release RETRO|x86.ActiveCfg = Release|x86
		{2BD226E4-B931-4B46-A6C3-D15270AD0565}.Release RETRO|x86.Build.0 = Release|x86
		{2BD226E4-B931-4B46-A6C3-D15270AD0565}.Release|Any CPU.ActiveCfg = Release|Any CPU
		{2BD226E4-B931-4B46-A6C3-D15270AD0565}.Release|Any CPU.Build.0 = Release|Any CPU
		{2BD226E4-B931-4B46-A6C3-D15270AD0565}.Release|x86.ActiveCfg = Release|x86
		{2BD226E4-B931-4B46-A6C3-D15270AD0565}.Release|x86.Build.0 = Release|x86
		{0354D973-EC37-4E94-941A-A12DD2629E96}.Debug|Any CPU.ActiveCfg = Debug|Any CPU
		{0354D973-EC37-4E94-941A-A12DD2629E96}.Debug|Any CPU.Build.0 = Debug|Any CPU
		{0354D973-EC37-4E94-941A-A12DD2629E96}.Debug|x86.ActiveCfg = Debug|Any CPU
		{0354D973-EC37-4E94-941A-A12DD2629E96}.Debug|x86.Build.0 = Debug|Any CPU
		{0354D973-EC37-4E94-941A-A12DD2629E96}.Release RETRO|Any CPU.ActiveCfg = Release|Any CPU
		{0354D973-EC37-4E94-941A-A12DD2629E96}.Release RETRO|Any CPU.Build.0 = Release|Any CPU
		{0354D973-EC37-4E94-941A-A12DD2629E96}.Release RETRO|x86.ActiveCfg = Release|Any CPU
		{0354D973-EC37-4E94-941A-A12DD2629E96}.Release RETRO|x86.Build.0 = Release|Any CPU
		{0354D973-EC37-4E94-941A-A12DD2629E96}.Release|Any CPU.ActiveCfg = Release|Any CPU
		{0354D973-EC37-4E94-941A-A12DD2629E96}.Release|Any CPU.Build.0 = Release|Any CPU
		{0354D973-EC37-4E94-941A-A12DD2629E96}.Release|x86.ActiveCfg = Release|Any CPU
		{0354D973-EC37-4E94-941A-A12DD2629E96}.Release|x86.Build.0 = Release|Any CPU
		{55FBC5C7-565A-4471-9151-36C423A2A1FE}.Debug|Any CPU.ActiveCfg = Debug|Any CPU
		{55FBC5C7-565A-4471-9151-36C423A2A1FE}.Debug|Any CPU.Build.0 = Debug|Any CPU
		{55FBC5C7-565A-4471-9151-36C423A2A1FE}.Debug|x86.ActiveCfg = Debug|Any CPU
		{55FBC5C7-565A-4471-9151-36C423A2A1FE}.Debug|x86.Build.0 = Debug|Any CPU
		{55FBC5C7-565A-4471-9151-36C423A2A1FE}.Release RETRO|Any CPU.ActiveCfg = Release|Any CPU
		{55FBC5C7-565A-4471-9151-36C423A2A1FE}.Release RETRO|Any CPU.Build.0 = Release|Any CPU
		{55FBC5C7-565A-4471-9151-36C423A2A1FE}.Release RETRO|x86.ActiveCfg = Release|Any CPU
		{55FBC5C7-565A-4471-9151-36C423A2A1FE}.Release RETRO|x86.Build.0 = Release|Any CPU
		{55FBC5C7-565A-4471-9151-36C423A2A1FE}.Release|Any CPU.ActiveCfg = Release|Any CPU
		{55FBC5C7-565A-4471-9151-36C423A2A1FE}.Release|Any CPU.Build.0 = Release|Any CPU
		{55FBC5C7-565A-4471-9151-36C423A2A1FE}.Release|x86.ActiveCfg = Release|Any CPU
		{55FBC5C7-565A-4471-9151-36C423A2A1FE}.Release|x86.Build.0 = Release|Any CPU
		{B535FAD6-A3CC-4FE7-94B7-99C810115BE4}.Debug|Any CPU.ActiveCfg = Debug|Any CPU
		{B535FAD6-A3CC-4FE7-94B7-99C810115BE4}.Debug|Any CPU.Build.0 = Debug|Any CPU
		{B535FAD6-A3CC-4FE7-94B7-99C810115BE4}.Debug|x86.ActiveCfg = Debug|Any CPU
		{B535FAD6-A3CC-4FE7-94B7-99C810115BE4}.Debug|x86.Build.0 = Debug|Any CPU
		{B535FAD6-A3CC-4FE7-94B7-99C810115BE4}.Release RETRO|Any CPU.ActiveCfg = Release|Any CPU
		{B535FAD6-A3CC-4FE7-94B7-99C810115BE4}.Release RETRO|Any CPU.Build.0 = Release|Any CPU
		{B535FAD6-A3CC-4FE7-94B7-99C810115BE4}.Release RETRO|x86.ActiveCfg = Release|Any CPU
		{B535FAD6-A3CC-4FE7-94B7-99C810115BE4}.Release RETRO|x86.Build.0 = Release|Any CPU
		{B535FAD6-A3CC-4FE7-94B7-99C810115BE4}.Release|Any CPU.ActiveCfg = Release|Any CPU
		{B535FAD6-A3CC-4FE7-94B7-99C810115BE4}.Release|Any CPU.Build.0 = Release|Any CPU
		{B535FAD6-A3CC-4FE7-94B7-99C810115BE4}.Release|x86.ActiveCfg = Release|Any CPU
		{B535FAD6-A3CC-4FE7-94B7-99C810115BE4}.Release|x86.Build.0 = Release|Any CPU
	EndGlobalSection
	GlobalSection(SolutionProperties) = preSolution
		HideSolutionNode = FALSE
	EndGlobalSection
	GlobalSection(ExtensibilityGlobals) = postSolution
		SolutionGuid = {E5B46F1A-0346-4682-8C41-15380FF724C0}
	EndGlobalSection
EndGlobal
