
Microsoft Visual Studio Solution File, Format Version 12.00
# Visual Studio Version 16
VisualStudioVersion = 16.0.29609.76
MinimumVisualStudioVersion = 10.0.40219.1
Project("{FAE04EC0-301F-11D3-BF4B-00C04F79EFBC}") = "NeutrinoStudio.Shell", "NeutrinoStudio.Shell\NeutrinoStudio.Shell.csproj", "{1BBF60DE-D244-40D3-AE7F-BEE2C82C3BFB}"
	ProjectSection(ProjectDependencies) = postProject
		{21B4AD15-D9FA-4873-BFAD-1EEEFBC6C264} = {21B4AD15-D9FA-4873-BFAD-1EEEFBC6C264}
		{7F898B3A-DA17-4CAB-B387-5629B5FACA49} = {7F898B3A-DA17-4CAB-B387-5629B5FACA49}
		{A6B0A741-5BE0-479D-B813-E65672350057} = {A6B0A741-5BE0-479D-B813-E65672350057}
		{35F4CDD9-E656-48C1-96F8-77CB63480E08} = {35F4CDD9-E656-48C1-96F8-77CB63480E08}
		{2BD226E4-B931-4B46-A6C3-D15270AD0565} = {2BD226E4-B931-4B46-A6C3-D15270AD0565}
		{0AF0B9FF-D981-4D0F-A41F-C3AB6FE2F16D} = {0AF0B9FF-D981-4D0F-A41F-C3AB6FE2F16D}
	EndProjectSection
EndProject
Project("{FAE04EC0-301F-11D3-BF4B-00C04F79EFBC}") = "RetroRadiance", "MetroRadiance\source\RetroRadiance\RetroRadiance.csproj", "{7F898B3A-DA17-4CAB-B387-5629B5FACA49}"
EndProject
Project("{FAE04EC0-301F-11D3-BF4B-00C04F79EFBC}") = "MetroRadiance.Core", "MetroRadiance\source\MetroRadiance.Core\MetroRadiance.Core.csproj", "{A6B0A741-5BE0-479D-B813-E65672350057}"
EndProject
Project("{FAE04EC0-301F-11D3-BF4B-00C04F79EFBC}") = "MetroRadiance.Chrome.Externals", "MetroRadiance\source\MetroRadiance.Chrome.Externals\MetroRadiance.Chrome.Externals.csproj", "{35F4CDD9-E656-48C1-96F8-77CB63480E08}"
EndProject
Project("{FAE04EC0-301F-11D3-BF4B-00C04F79EFBC}") = "MetroRadiance.Chrome", "MetroRadiance\source\MetroRadiance.Chrome\MetroRadiance.Chrome.csproj", "{21B4AD15-D9FA-4873-BFAD-1EEEFBC6C264}"
EndProject
Project("{FAE04EC0-301F-11D3-BF4B-00C04F79EFBC}") = "MetroRadiance", "MetroRadiance\source\MetroRadiance\MetroRadiance.csproj", "{0AF0B9FF-D981-4D0F-A41F-C3AB6FE2F16D}"
EndProject
Project("{FAE04EC0-301F-11D3-BF4B-00C04F79EFBC}") = "YDock", "YDock\YDock\YDock.csproj", "{2BD226E4-B931-4B46-A6C3-D15270AD0565}"
	ProjectSection(ProjectDependencies) = postProject
		{21B4AD15-D9FA-4873-BFAD-1EEEFBC6C264} = {21B4AD15-D9FA-4873-BFAD-1EEEFBC6C264}
		{7F898B3A-DA17-4CAB-B387-5629B5FACA49} = {7F898B3A-DA17-4CAB-B387-5629B5FACA49}
		{A6B0A741-5BE0-479D-B813-E65672350057} = {A6B0A741-5BE0-479D-B813-E65672350057}
		{35F4CDD9-E656-48C1-96F8-77CB63480E08} = {35F4CDD9-E656-48C1-96F8-77CB63480E08}
		{0AF0B9FF-D981-4D0F-A41F-C3AB6FE2F16D} = {0AF0B9FF-D981-4D0F-A41F-C3AB6FE2F16D}
	EndProjectSection
EndProject
Project("{FAE04EC0-301F-11D3-BF4B-00C04F79EFBC}") = "NeutrinoStudio.Utilities", "NeutrinoStudio.Utilities\NeutrinoStudio.Utilities.csproj", "{0354D973-EC37-4E94-941A-A12DD2629E96}"
EndProject
Project("{FAE04EC0-301F-11D3-BF4B-00C04F79EFBC}") = "NeuTask", "NeuTask\NeuTask\NeuTask.csproj", "{55FBC5C7-565A-4471-9151-36C423A2A1FE}"
EndProject
Project("{FAE04EC0-301F-11D3-BF4B-00C04F79EFBC}") = "NeutrinoStudio.Core", "NeutrinoStudio.Core\NeutrinoStudio.Core.csproj", "{B535FAD6-A3CC-4FE7-94B7-99C810115BE4}"
EndProject
Project("{8BC9CEB8-8B4A-11D0-8D11-00A0C91BC942}") = "world", "World.NET\world\world.vcxproj", "{4DA21151-C0D1-4A61-874D-A58AF6326531}"
EndProject
Project("{FAE04EC0-301F-11D3-BF4B-00C04F79EFBC}") = "WorldNet", "World.NET\WorldNet\WorldNet.csproj", "{689CE687-07CA-4D21-97BA-E4325FD943C8}"
EndProject
Project("{FAE04EC0-301F-11D3-BF4B-00C04F79EFBC}") = "World.UI", "World.UI\World.UI\World.UI.csproj", "{2B3FBA77-C0F6-44F3-A282-98C66CD8B667}"
EndProject
Project("{FAE04EC0-301F-11D3-BF4B-00C04F79EFBC}") = "NeutrinoStudio.Test", "NeutrinoStudio.Test\NeutrinoStudio.Test.csproj", "{6EA59123-07BC-410F-B29F-3A674CEA3715}"
EndProject
Project("{FAE04EC0-301F-11D3-BF4B-00C04F79EFBC}") = "Scrosser", "Scrosser\Scrosser\Scrosser.csproj", "{8E456298-F8B2-4D9E-949C-0296F0BA07AF}"
EndProject
Project("{FAE04EC0-301F-11D3-BF4B-00C04F79EFBC}") = "Musiqual", "Musiqual\Musiqual\Musiqual.csproj", "{8AE37EE4-A82C-48A2-991F-C905086E7CAC}"
EndProject
Project("{FAE04EC0-301F-11D3-BF4B-00C04F79EFBC}") = "NeuTask.Mac", "NeuTask\NeuTask.Mac\NeuTask.Mac.csproj", "{9DE59DF2-C12C-41DF-BE2B-347B20641D9D}"
EndProject
Project("{FAE04EC0-301F-11D3-BF4B-00C04F79EFBC}") = "NeutrinoStudio.Mac.Core", "NeutrinoStudio.Mac.Core\NeutrinoStudio.Mac.Core.csproj", "{74DC297C-D39F-4D66-ABF6-74B59E8DD9F7}"
EndProject
Project("{FAE04EC0-301F-11D3-BF4B-00C04F79EFBC}") = "NeutrinoStudio.Mac.Shell", "NeutrinoStudio.Mac.Shell\NeutrinoStudio.Mac.Shell.csproj", "{252B3430-18EE-419A-BCDE-B72C24BF7C84}"
EndProject
Project("{FAE04EC0-301F-11D3-BF4B-00C04F79EFBC}") = "NeutrinoStudio.FileConverter.Core", "NeutrinoStudio.FileConverter.Core\NeutrinoStudio.FileConverter.Core.csproj", "{5BBB6ADE-7D3D-4E13-BCAF-F39F0602EA6D}"
EndProject
Project("{FAE04EC0-301F-11D3-BF4B-00C04F79EFBC}") = "NeutrinoStudio.FileConverter", "NeutrinoStudio.FileConverter\NeutrinoStudio.FileConverter.csproj", "{6C3685FE-060D-4179-B0F4-26B194915F95}"
EndProject
Global
	GlobalSection(SolutionConfigurationPlatforms) = preSolution
		Debug|Any CPU = Debug|Any CPU
		Debug|x64 = Debug|x64
		Debug|x86 = Debug|x86
		Release RETRO|Any CPU = Release RETRO|Any CPU
		Release RETRO|x64 = Release RETRO|x64
		Release RETRO|x86 = Release RETRO|x86
		Release|Any CPU = Release|Any CPU
		Release|x64 = Release|x64
		Release|x86 = Release|x86
	EndGlobalSection
	GlobalSection(ProjectConfigurationPlatforms) = postSolution
		{1BBF60DE-D244-40D3-AE7F-BEE2C82C3BFB}.Debug|Any CPU.ActiveCfg = Debug|Any CPU
		{1BBF60DE-D244-40D3-AE7F-BEE2C82C3BFB}.Debug|Any CPU.Build.0 = Debug|Any CPU
		{1BBF60DE-D244-40D3-AE7F-BEE2C82C3BFB}.Debug|x64.ActiveCfg = Debug|Any CPU
		{1BBF60DE-D244-40D3-AE7F-BEE2C82C3BFB}.Debug|x64.Build.0 = Debug|Any CPU
		{1BBF60DE-D244-40D3-AE7F-BEE2C82C3BFB}.Debug|x86.ActiveCfg = Debug|Any CPU
		{1BBF60DE-D244-40D3-AE7F-BEE2C82C3BFB}.Debug|x86.Build.0 = Debug|Any CPU
		{1BBF60DE-D244-40D3-AE7F-BEE2C82C3BFB}.Release RETRO|Any CPU.ActiveCfg = Release|Any CPU
		{1BBF60DE-D244-40D3-AE7F-BEE2C82C3BFB}.Release RETRO|Any CPU.Build.0 = Release|Any CPU
		{1BBF60DE-D244-40D3-AE7F-BEE2C82C3BFB}.Release RETRO|x64.ActiveCfg = Release|Any CPU
		{1BBF60DE-D244-40D3-AE7F-BEE2C82C3BFB}.Release RETRO|x64.Build.0 = Release|Any CPU
		{1BBF60DE-D244-40D3-AE7F-BEE2C82C3BFB}.Release RETRO|x86.ActiveCfg = Release|Any CPU
		{1BBF60DE-D244-40D3-AE7F-BEE2C82C3BFB}.Release RETRO|x86.Build.0 = Release|Any CPU
		{1BBF60DE-D244-40D3-AE7F-BEE2C82C3BFB}.Release|Any CPU.ActiveCfg = Release|Any CPU
		{1BBF60DE-D244-40D3-AE7F-BEE2C82C3BFB}.Release|Any CPU.Build.0 = Release|Any CPU
		{1BBF60DE-D244-40D3-AE7F-BEE2C82C3BFB}.Release|x64.ActiveCfg = Release|Any CPU
		{1BBF60DE-D244-40D3-AE7F-BEE2C82C3BFB}.Release|x64.Build.0 = Release|Any CPU
		{1BBF60DE-D244-40D3-AE7F-BEE2C82C3BFB}.Release|x86.ActiveCfg = Release|Any CPU
		{1BBF60DE-D244-40D3-AE7F-BEE2C82C3BFB}.Release|x86.Build.0 = Release|Any CPU
		{7F898B3A-DA17-4CAB-B387-5629B5FACA49}.Debug|Any CPU.ActiveCfg = Debug|Any CPU
		{7F898B3A-DA17-4CAB-B387-5629B5FACA49}.Debug|Any CPU.Build.0 = Debug|Any CPU
		{7F898B3A-DA17-4CAB-B387-5629B5FACA49}.Debug|x64.ActiveCfg = Debug|Any CPU
		{7F898B3A-DA17-4CAB-B387-5629B5FACA49}.Debug|x86.ActiveCfg = Debug|Any CPU
		{7F898B3A-DA17-4CAB-B387-5629B5FACA49}.Debug|x86.Build.0 = Debug|Any CPU
		{7F898B3A-DA17-4CAB-B387-5629B5FACA49}.Release RETRO|Any CPU.ActiveCfg = Release|Any CPU
		{7F898B3A-DA17-4CAB-B387-5629B5FACA49}.Release RETRO|Any CPU.Build.0 = Release|Any CPU
		{7F898B3A-DA17-4CAB-B387-5629B5FACA49}.Release RETRO|x64.ActiveCfg = Release|Any CPU
		{7F898B3A-DA17-4CAB-B387-5629B5FACA49}.Release RETRO|x86.ActiveCfg = Release|Any CPU
		{7F898B3A-DA17-4CAB-B387-5629B5FACA49}.Release RETRO|x86.Build.0 = Release|Any CPU
		{7F898B3A-DA17-4CAB-B387-5629B5FACA49}.Release|Any CPU.ActiveCfg = Release|Any CPU
		{7F898B3A-DA17-4CAB-B387-5629B5FACA49}.Release|Any CPU.Build.0 = Release|Any CPU
		{7F898B3A-DA17-4CAB-B387-5629B5FACA49}.Release|x64.ActiveCfg = Release|Any CPU
		{7F898B3A-DA17-4CAB-B387-5629B5FACA49}.Release|x86.ActiveCfg = Release|Any CPU
		{7F898B3A-DA17-4CAB-B387-5629B5FACA49}.Release|x86.Build.0 = Release|Any CPU
		{A6B0A741-5BE0-479D-B813-E65672350057}.Debug|Any CPU.ActiveCfg = Debug|Any CPU
		{A6B0A741-5BE0-479D-B813-E65672350057}.Debug|Any CPU.Build.0 = Debug|Any CPU
		{A6B0A741-5BE0-479D-B813-E65672350057}.Debug|x64.ActiveCfg = Debug|Any CPU
		{A6B0A741-5BE0-479D-B813-E65672350057}.Debug|x86.ActiveCfg = Debug|Any CPU
		{A6B0A741-5BE0-479D-B813-E65672350057}.Debug|x86.Build.0 = Debug|Any CPU
		{A6B0A741-5BE0-479D-B813-E65672350057}.Release RETRO|Any CPU.ActiveCfg = Release|Any CPU
		{A6B0A741-5BE0-479D-B813-E65672350057}.Release RETRO|Any CPU.Build.0 = Release|Any CPU
		{A6B0A741-5BE0-479D-B813-E65672350057}.Release RETRO|x64.ActiveCfg = Release|Any CPU
		{A6B0A741-5BE0-479D-B813-E65672350057}.Release RETRO|x86.ActiveCfg = Release|Any CPU
		{A6B0A741-5BE0-479D-B813-E65672350057}.Release RETRO|x86.Build.0 = Release|Any CPU
		{A6B0A741-5BE0-479D-B813-E65672350057}.Release|Any CPU.ActiveCfg = Release|Any CPU
		{A6B0A741-5BE0-479D-B813-E65672350057}.Release|Any CPU.Build.0 = Release|Any CPU
		{A6B0A741-5BE0-479D-B813-E65672350057}.Release|x64.ActiveCfg = Release|Any CPU
		{A6B0A741-5BE0-479D-B813-E65672350057}.Release|x86.ActiveCfg = Release|Any CPU
		{A6B0A741-5BE0-479D-B813-E65672350057}.Release|x86.Build.0 = Release|Any CPU
		{35F4CDD9-E656-48C1-96F8-77CB63480E08}.Debug|Any CPU.ActiveCfg = Debug|Any CPU
		{35F4CDD9-E656-48C1-96F8-77CB63480E08}.Debug|Any CPU.Build.0 = Debug|Any CPU
		{35F4CDD9-E656-48C1-96F8-77CB63480E08}.Debug|x64.ActiveCfg = Debug|Any CPU
		{35F4CDD9-E656-48C1-96F8-77CB63480E08}.Debug|x86.ActiveCfg = Debug|Any CPU
		{35F4CDD9-E656-48C1-96F8-77CB63480E08}.Debug|x86.Build.0 = Debug|Any CPU
		{35F4CDD9-E656-48C1-96F8-77CB63480E08}.Release RETRO|Any CPU.ActiveCfg = Release|Any CPU
		{35F4CDD9-E656-48C1-96F8-77CB63480E08}.Release RETRO|Any CPU.Build.0 = Release|Any CPU
		{35F4CDD9-E656-48C1-96F8-77CB63480E08}.Release RETRO|x64.ActiveCfg = Release|Any CPU
		{35F4CDD9-E656-48C1-96F8-77CB63480E08}.Release RETRO|x86.ActiveCfg = Release|Any CPU
		{35F4CDD9-E656-48C1-96F8-77CB63480E08}.Release RETRO|x86.Build.0 = Release|Any CPU
		{35F4CDD9-E656-48C1-96F8-77CB63480E08}.Release|Any CPU.ActiveCfg = Release|Any CPU
		{35F4CDD9-E656-48C1-96F8-77CB63480E08}.Release|Any CPU.Build.0 = Release|Any CPU
		{35F4CDD9-E656-48C1-96F8-77CB63480E08}.Release|x64.ActiveCfg = Release|Any CPU
		{35F4CDD9-E656-48C1-96F8-77CB63480E08}.Release|x86.ActiveCfg = Release|Any CPU
		{35F4CDD9-E656-48C1-96F8-77CB63480E08}.Release|x86.Build.0 = Release|Any CPU
		{21B4AD15-D9FA-4873-BFAD-1EEEFBC6C264}.Debug|Any CPU.ActiveCfg = Debug|Any CPU
		{21B4AD15-D9FA-4873-BFAD-1EEEFBC6C264}.Debug|Any CPU.Build.0 = Debug|Any CPU
		{21B4AD15-D9FA-4873-BFAD-1EEEFBC6C264}.Debug|x64.ActiveCfg = Debug|Any CPU
		{21B4AD15-D9FA-4873-BFAD-1EEEFBC6C264}.Debug|x86.ActiveCfg = Debug|Any CPU
		{21B4AD15-D9FA-4873-BFAD-1EEEFBC6C264}.Debug|x86.Build.0 = Debug|Any CPU
		{21B4AD15-D9FA-4873-BFAD-1EEEFBC6C264}.Release RETRO|Any CPU.ActiveCfg = Release|Any CPU
		{21B4AD15-D9FA-4873-BFAD-1EEEFBC6C264}.Release RETRO|Any CPU.Build.0 = Release|Any CPU
		{21B4AD15-D9FA-4873-BFAD-1EEEFBC6C264}.Release RETRO|x64.ActiveCfg = Release|Any CPU
		{21B4AD15-D9FA-4873-BFAD-1EEEFBC6C264}.Release RETRO|x86.ActiveCfg = Release|Any CPU
		{21B4AD15-D9FA-4873-BFAD-1EEEFBC6C264}.Release RETRO|x86.Build.0 = Release|Any CPU
		{21B4AD15-D9FA-4873-BFAD-1EEEFBC6C264}.Release|Any CPU.ActiveCfg = Release|Any CPU
		{21B4AD15-D9FA-4873-BFAD-1EEEFBC6C264}.Release|Any CPU.Build.0 = Release|Any CPU
		{21B4AD15-D9FA-4873-BFAD-1EEEFBC6C264}.Release|x64.ActiveCfg = Release|Any CPU
		{21B4AD15-D9FA-4873-BFAD-1EEEFBC6C264}.Release|x86.ActiveCfg = Release|Any CPU
		{21B4AD15-D9FA-4873-BFAD-1EEEFBC6C264}.Release|x86.Build.0 = Release|Any CPU
		{0AF0B9FF-D981-4D0F-A41F-C3AB6FE2F16D}.Debug|Any CPU.ActiveCfg = Debug|Any CPU
		{0AF0B9FF-D981-4D0F-A41F-C3AB6FE2F16D}.Debug|Any CPU.Build.0 = Debug|Any CPU
		{0AF0B9FF-D981-4D0F-A41F-C3AB6FE2F16D}.Debug|x64.ActiveCfg = Debug|Any CPU
		{0AF0B9FF-D981-4D0F-A41F-C3AB6FE2F16D}.Debug|x86.ActiveCfg = Debug|Any CPU
		{0AF0B9FF-D981-4D0F-A41F-C3AB6FE2F16D}.Debug|x86.Build.0 = Debug|Any CPU
		{0AF0B9FF-D981-4D0F-A41F-C3AB6FE2F16D}.Release RETRO|Any CPU.ActiveCfg = Release RETRO|Any CPU
		{0AF0B9FF-D981-4D0F-A41F-C3AB6FE2F16D}.Release RETRO|Any CPU.Build.0 = Release RETRO|Any CPU
		{0AF0B9FF-D981-4D0F-A41F-C3AB6FE2F16D}.Release RETRO|x64.ActiveCfg = Release RETRO|Any CPU
		{0AF0B9FF-D981-4D0F-A41F-C3AB6FE2F16D}.Release RETRO|x86.ActiveCfg = Release RETRO|Any CPU
		{0AF0B9FF-D981-4D0F-A41F-C3AB6FE2F16D}.Release RETRO|x86.Build.0 = Release RETRO|Any CPU
		{0AF0B9FF-D981-4D0F-A41F-C3AB6FE2F16D}.Release|Any CPU.ActiveCfg = Release|Any CPU
		{0AF0B9FF-D981-4D0F-A41F-C3AB6FE2F16D}.Release|Any CPU.Build.0 = Release|Any CPU
		{0AF0B9FF-D981-4D0F-A41F-C3AB6FE2F16D}.Release|x64.ActiveCfg = Release|Any CPU
		{0AF0B9FF-D981-4D0F-A41F-C3AB6FE2F16D}.Release|x86.ActiveCfg = Release|Any CPU
		{0AF0B9FF-D981-4D0F-A41F-C3AB6FE2F16D}.Release|x86.Build.0 = Release|Any CPU
		{2BD226E4-B931-4B46-A6C3-D15270AD0565}.Debug|Any CPU.ActiveCfg = Debug|Any CPU
		{2BD226E4-B931-4B46-A6C3-D15270AD0565}.Debug|Any CPU.Build.0 = Debug|Any CPU
		{2BD226E4-B931-4B46-A6C3-D15270AD0565}.Debug|x64.ActiveCfg = Debug|Any CPU
		{2BD226E4-B931-4B46-A6C3-D15270AD0565}.Debug|x86.ActiveCfg = Debug|x86
		{2BD226E4-B931-4B46-A6C3-D15270AD0565}.Debug|x86.Build.0 = Debug|x86
		{2BD226E4-B931-4B46-A6C3-D15270AD0565}.Release RETRO|Any CPU.ActiveCfg = Release|Any CPU
		{2BD226E4-B931-4B46-A6C3-D15270AD0565}.Release RETRO|Any CPU.Build.0 = Release|Any CPU
		{2BD226E4-B931-4B46-A6C3-D15270AD0565}.Release RETRO|x64.ActiveCfg = Release|Any CPU
		{2BD226E4-B931-4B46-A6C3-D15270AD0565}.Release RETRO|x86.ActiveCfg = Release|x86
		{2BD226E4-B931-4B46-A6C3-D15270AD0565}.Release RETRO|x86.Build.0 = Release|x86
		{2BD226E4-B931-4B46-A6C3-D15270AD0565}.Release|Any CPU.ActiveCfg = Release|Any CPU
		{2BD226E4-B931-4B46-A6C3-D15270AD0565}.Release|Any CPU.Build.0 = Release|Any CPU
		{2BD226E4-B931-4B46-A6C3-D15270AD0565}.Release|x64.ActiveCfg = Release|Any CPU
		{2BD226E4-B931-4B46-A6C3-D15270AD0565}.Release|x86.ActiveCfg = Release|x86
		{2BD226E4-B931-4B46-A6C3-D15270AD0565}.Release|x86.Build.0 = Release|x86
		{0354D973-EC37-4E94-941A-A12DD2629E96}.Debug|Any CPU.ActiveCfg = Debug|Any CPU
		{0354D973-EC37-4E94-941A-A12DD2629E96}.Debug|Any CPU.Build.0 = Debug|Any CPU
		{0354D973-EC37-4E94-941A-A12DD2629E96}.Debug|x64.ActiveCfg = Debug|Any CPU
		{0354D973-EC37-4E94-941A-A12DD2629E96}.Debug|x86.ActiveCfg = Debug|Any CPU
		{0354D973-EC37-4E94-941A-A12DD2629E96}.Debug|x86.Build.0 = Debug|Any CPU
		{0354D973-EC37-4E94-941A-A12DD2629E96}.Release RETRO|Any CPU.ActiveCfg = Release|Any CPU
		{0354D973-EC37-4E94-941A-A12DD2629E96}.Release RETRO|Any CPU.Build.0 = Release|Any CPU
		{0354D973-EC37-4E94-941A-A12DD2629E96}.Release RETRO|x64.ActiveCfg = Release|Any CPU
		{0354D973-EC37-4E94-941A-A12DD2629E96}.Release RETRO|x86.ActiveCfg = Release|Any CPU
		{0354D973-EC37-4E94-941A-A12DD2629E96}.Release RETRO|x86.Build.0 = Release|Any CPU
		{0354D973-EC37-4E94-941A-A12DD2629E96}.Release|Any CPU.ActiveCfg = Release|Any CPU
		{0354D973-EC37-4E94-941A-A12DD2629E96}.Release|Any CPU.Build.0 = Release|Any CPU
		{0354D973-EC37-4E94-941A-A12DD2629E96}.Release|x64.ActiveCfg = Release|Any CPU
		{0354D973-EC37-4E94-941A-A12DD2629E96}.Release|x86.ActiveCfg = Release|Any CPU
		{0354D973-EC37-4E94-941A-A12DD2629E96}.Release|x86.Build.0 = Release|Any CPU
		{55FBC5C7-565A-4471-9151-36C423A2A1FE}.Debug|Any CPU.ActiveCfg = Debug|Any CPU
		{55FBC5C7-565A-4471-9151-36C423A2A1FE}.Debug|Any CPU.Build.0 = Debug|Any CPU
		{55FBC5C7-565A-4471-9151-36C423A2A1FE}.Debug|x64.ActiveCfg = Debug|Any CPU
		{55FBC5C7-565A-4471-9151-36C423A2A1FE}.Debug|x86.ActiveCfg = Debug|Any CPU
		{55FBC5C7-565A-4471-9151-36C423A2A1FE}.Debug|x86.Build.0 = Debug|Any CPU
		{55FBC5C7-565A-4471-9151-36C423A2A1FE}.Release RETRO|Any CPU.ActiveCfg = Release|Any CPU
		{55FBC5C7-565A-4471-9151-36C423A2A1FE}.Release RETRO|Any CPU.Build.0 = Release|Any CPU
		{55FBC5C7-565A-4471-9151-36C423A2A1FE}.Release RETRO|x64.ActiveCfg = Release|Any CPU
		{55FBC5C7-565A-4471-9151-36C423A2A1FE}.Release RETRO|x86.ActiveCfg = Release|Any CPU
		{55FBC5C7-565A-4471-9151-36C423A2A1FE}.Release RETRO|x86.Build.0 = Release|Any CPU
		{55FBC5C7-565A-4471-9151-36C423A2A1FE}.Release|Any CPU.ActiveCfg = Release|Any CPU
		{55FBC5C7-565A-4471-9151-36C423A2A1FE}.Release|Any CPU.Build.0 = Release|Any CPU
		{55FBC5C7-565A-4471-9151-36C423A2A1FE}.Release|x64.ActiveCfg = Release|Any CPU
		{55FBC5C7-565A-4471-9151-36C423A2A1FE}.Release|x86.ActiveCfg = Release|Any CPU
		{55FBC5C7-565A-4471-9151-36C423A2A1FE}.Release|x86.Build.0 = Release|Any CPU
		{B535FAD6-A3CC-4FE7-94B7-99C810115BE4}.Debug|Any CPU.ActiveCfg = Debug|Any CPU
		{B535FAD6-A3CC-4FE7-94B7-99C810115BE4}.Debug|Any CPU.Build.0 = Debug|Any CPU
		{B535FAD6-A3CC-4FE7-94B7-99C810115BE4}.Debug|x64.ActiveCfg = Debug|Any CPU
		{B535FAD6-A3CC-4FE7-94B7-99C810115BE4}.Debug|x64.Build.0 = Debug|Any CPU
		{B535FAD6-A3CC-4FE7-94B7-99C810115BE4}.Debug|x86.ActiveCfg = Debug|Any CPU
		{B535FAD6-A3CC-4FE7-94B7-99C810115BE4}.Debug|x86.Build.0 = Debug|Any CPU
		{B535FAD6-A3CC-4FE7-94B7-99C810115BE4}.Release RETRO|Any CPU.ActiveCfg = Release|Any CPU
		{B535FAD6-A3CC-4FE7-94B7-99C810115BE4}.Release RETRO|Any CPU.Build.0 = Release|Any CPU
		{B535FAD6-A3CC-4FE7-94B7-99C810115BE4}.Release RETRO|x64.ActiveCfg = Release|Any CPU
		{B535FAD6-A3CC-4FE7-94B7-99C810115BE4}.Release RETRO|x64.Build.0 = Release|Any CPU
		{B535FAD6-A3CC-4FE7-94B7-99C810115BE4}.Release RETRO|x86.ActiveCfg = Release|Any CPU
		{B535FAD6-A3CC-4FE7-94B7-99C810115BE4}.Release RETRO|x86.Build.0 = Release|Any CPU
		{B535FAD6-A3CC-4FE7-94B7-99C810115BE4}.Release|Any CPU.ActiveCfg = Release|Any CPU
		{B535FAD6-A3CC-4FE7-94B7-99C810115BE4}.Release|Any CPU.Build.0 = Release|Any CPU
		{B535FAD6-A3CC-4FE7-94B7-99C810115BE4}.Release|x64.ActiveCfg = Release|Any CPU
		{B535FAD6-A3CC-4FE7-94B7-99C810115BE4}.Release|x64.Build.0 = Release|Any CPU
		{B535FAD6-A3CC-4FE7-94B7-99C810115BE4}.Release|x86.ActiveCfg = Release|Any CPU
		{B535FAD6-A3CC-4FE7-94B7-99C810115BE4}.Release|x86.Build.0 = Release|Any CPU
		{4DA21151-C0D1-4A61-874D-A58AF6326531}.Debug|Any CPU.ActiveCfg = Debug|Win32
		{4DA21151-C0D1-4A61-874D-A58AF6326531}.Debug|x64.ActiveCfg = Debug|x64
		{4DA21151-C0D1-4A61-874D-A58AF6326531}.Debug|x64.Build.0 = Debug|x64
		{4DA21151-C0D1-4A61-874D-A58AF6326531}.Debug|x86.ActiveCfg = Debug|Win32
		{4DA21151-C0D1-4A61-874D-A58AF6326531}.Debug|x86.Build.0 = Debug|Win32
		{4DA21151-C0D1-4A61-874D-A58AF6326531}.Release RETRO|Any CPU.ActiveCfg = Release|x64
		{4DA21151-C0D1-4A61-874D-A58AF6326531}.Release RETRO|Any CPU.Build.0 = Release|x64
		{4DA21151-C0D1-4A61-874D-A58AF6326531}.Release RETRO|x64.ActiveCfg = Release|x64
		{4DA21151-C0D1-4A61-874D-A58AF6326531}.Release RETRO|x64.Build.0 = Release|x64
		{4DA21151-C0D1-4A61-874D-A58AF6326531}.Release RETRO|x86.ActiveCfg = Release|Win32
		{4DA21151-C0D1-4A61-874D-A58AF6326531}.Release RETRO|x86.Build.0 = Release|Win32
		{4DA21151-C0D1-4A61-874D-A58AF6326531}.Release|Any CPU.ActiveCfg = Release|Win32
		{4DA21151-C0D1-4A61-874D-A58AF6326531}.Release|x64.ActiveCfg = Release|x64
		{4DA21151-C0D1-4A61-874D-A58AF6326531}.Release|x64.Build.0 = Release|x64
		{4DA21151-C0D1-4A61-874D-A58AF6326531}.Release|x86.ActiveCfg = Release|Win32
		{4DA21151-C0D1-4A61-874D-A58AF6326531}.Release|x86.Build.0 = Release|Win32
		{689CE687-07CA-4D21-97BA-E4325FD943C8}.Debug|Any CPU.ActiveCfg = Debug|Any CPU
		{689CE687-07CA-4D21-97BA-E4325FD943C8}.Debug|x64.ActiveCfg = Debug|x64
		{689CE687-07CA-4D21-97BA-E4325FD943C8}.Debug|x64.Build.0 = Debug|x64
		{689CE687-07CA-4D21-97BA-E4325FD943C8}.Debug|x86.ActiveCfg = Debug|x86
		{689CE687-07CA-4D21-97BA-E4325FD943C8}.Debug|x86.Build.0 = Debug|x86
		{689CE687-07CA-4D21-97BA-E4325FD943C8}.Release RETRO|Any CPU.ActiveCfg = Release|x86
		{689CE687-07CA-4D21-97BA-E4325FD943C8}.Release RETRO|Any CPU.Build.0 = Release|x86
		{689CE687-07CA-4D21-97BA-E4325FD943C8}.Release RETRO|x64.ActiveCfg = Release|x64
		{689CE687-07CA-4D21-97BA-E4325FD943C8}.Release RETRO|x64.Build.0 = Release|x64
		{689CE687-07CA-4D21-97BA-E4325FD943C8}.Release RETRO|x86.ActiveCfg = Release|x86
		{689CE687-07CA-4D21-97BA-E4325FD943C8}.Release RETRO|x86.Build.0 = Release|x86
		{689CE687-07CA-4D21-97BA-E4325FD943C8}.Release|Any CPU.ActiveCfg = Release|x86
		{689CE687-07CA-4D21-97BA-E4325FD943C8}.Release|x64.ActiveCfg = Release|x64
		{689CE687-07CA-4D21-97BA-E4325FD943C8}.Release|x64.Build.0 = Release|x64
		{689CE687-07CA-4D21-97BA-E4325FD943C8}.Release|x86.ActiveCfg = Release|x86
		{689CE687-07CA-4D21-97BA-E4325FD943C8}.Release|x86.Build.0 = Release|x86
		{2B3FBA77-C0F6-44F3-A282-98C66CD8B667}.Debug|Any CPU.ActiveCfg = Debug|Any CPU
		{2B3FBA77-C0F6-44F3-A282-98C66CD8B667}.Debug|Any CPU.Build.0 = Debug|Any CPU
		{2B3FBA77-C0F6-44F3-A282-98C66CD8B667}.Debug|x64.ActiveCfg = Debug|Any CPU
		{2B3FBA77-C0F6-44F3-A282-98C66CD8B667}.Debug|x64.Build.0 = Debug|Any CPU
		{2B3FBA77-C0F6-44F3-A282-98C66CD8B667}.Debug|x86.ActiveCfg = Debug|Any CPU
		{2B3FBA77-C0F6-44F3-A282-98C66CD8B667}.Debug|x86.Build.0 = Debug|Any CPU
		{2B3FBA77-C0F6-44F3-A282-98C66CD8B667}.Release RETRO|Any CPU.ActiveCfg = Release|Any CPU
		{2B3FBA77-C0F6-44F3-A282-98C66CD8B667}.Release RETRO|Any CPU.Build.0 = Release|Any CPU
		{2B3FBA77-C0F6-44F3-A282-98C66CD8B667}.Release RETRO|x64.ActiveCfg = Release|Any CPU
		{2B3FBA77-C0F6-44F3-A282-98C66CD8B667}.Release RETRO|x64.Build.0 = Release|Any CPU
		{2B3FBA77-C0F6-44F3-A282-98C66CD8B667}.Release RETRO|x86.ActiveCfg = Release|Any CPU
		{2B3FBA77-C0F6-44F3-A282-98C66CD8B667}.Release RETRO|x86.Build.0 = Release|Any CPU
		{2B3FBA77-C0F6-44F3-A282-98C66CD8B667}.Release|Any CPU.ActiveCfg = Release|Any CPU
		{2B3FBA77-C0F6-44F3-A282-98C66CD8B667}.Release|Any CPU.Build.0 = Release|Any CPU
		{2B3FBA77-C0F6-44F3-A282-98C66CD8B667}.Release|x64.ActiveCfg = Release|Any CPU
		{2B3FBA77-C0F6-44F3-A282-98C66CD8B667}.Release|x64.Build.0 = Release|Any CPU
		{2B3FBA77-C0F6-44F3-A282-98C66CD8B667}.Release|x86.ActiveCfg = Release|Any CPU
		{2B3FBA77-C0F6-44F3-A282-98C66CD8B667}.Release|x86.Build.0 = Release|Any CPU
		{6EA59123-07BC-410F-B29F-3A674CEA3715}.Debug|Any CPU.ActiveCfg = Debug|Any CPU
		{6EA59123-07BC-410F-B29F-3A674CEA3715}.Debug|Any CPU.Build.0 = Debug|Any CPU
		{6EA59123-07BC-410F-B29F-3A674CEA3715}.Debug|x64.ActiveCfg = Debug|x64
		{6EA59123-07BC-410F-B29F-3A674CEA3715}.Debug|x64.Build.0 = Debug|x64
		{6EA59123-07BC-410F-B29F-3A674CEA3715}.Debug|x86.ActiveCfg = Debug|Any CPU
		{6EA59123-07BC-410F-B29F-3A674CEA3715}.Debug|x86.Build.0 = Debug|Any CPU
		{6EA59123-07BC-410F-B29F-3A674CEA3715}.Release RETRO|Any CPU.ActiveCfg = Release|Any CPU
		{6EA59123-07BC-410F-B29F-3A674CEA3715}.Release RETRO|Any CPU.Build.0 = Release|Any CPU
		{6EA59123-07BC-410F-B29F-3A674CEA3715}.Release RETRO|x64.ActiveCfg = Release|Any CPU
		{6EA59123-07BC-410F-B29F-3A674CEA3715}.Release RETRO|x64.Build.0 = Release|Any CPU
		{6EA59123-07BC-410F-B29F-3A674CEA3715}.Release RETRO|x86.ActiveCfg = Release|Any CPU
		{6EA59123-07BC-410F-B29F-3A674CEA3715}.Release RETRO|x86.Build.0 = Release|Any CPU
		{6EA59123-07BC-410F-B29F-3A674CEA3715}.Release|Any CPU.ActiveCfg = Release|Any CPU
		{6EA59123-07BC-410F-B29F-3A674CEA3715}.Release|Any CPU.Build.0 = Release|Any CPU
		{6EA59123-07BC-410F-B29F-3A674CEA3715}.Release|x64.ActiveCfg = Release|Any CPU
		{6EA59123-07BC-410F-B29F-3A674CEA3715}.Release|x64.Build.0 = Release|Any CPU
		{6EA59123-07BC-410F-B29F-3A674CEA3715}.Release|x86.ActiveCfg = Release|Any CPU
		{6EA59123-07BC-410F-B29F-3A674CEA3715}.Release|x86.Build.0 = Release|Any CPU
		{8E456298-F8B2-4D9E-949C-0296F0BA07AF}.Debug|Any CPU.ActiveCfg = Debug|Any CPU
		{8E456298-F8B2-4D9E-949C-0296F0BA07AF}.Debug|Any CPU.Build.0 = Debug|Any CPU
		{8E456298-F8B2-4D9E-949C-0296F0BA07AF}.Debug|x64.ActiveCfg = Debug|Any CPU
		{8E456298-F8B2-4D9E-949C-0296F0BA07AF}.Debug|x64.Build.0 = Debug|Any CPU
		{8E456298-F8B2-4D9E-949C-0296F0BA07AF}.Debug|x86.ActiveCfg = Debug|Any CPU
		{8E456298-F8B2-4D9E-949C-0296F0BA07AF}.Debug|x86.Build.0 = Debug|Any CPU
		{8E456298-F8B2-4D9E-949C-0296F0BA07AF}.Release RETRO|Any CPU.ActiveCfg = Release|Any CPU
		{8E456298-F8B2-4D9E-949C-0296F0BA07AF}.Release RETRO|Any CPU.Build.0 = Release|Any CPU
		{8E456298-F8B2-4D9E-949C-0296F0BA07AF}.Release RETRO|x64.ActiveCfg = Release|Any CPU
		{8E456298-F8B2-4D9E-949C-0296F0BA07AF}.Release RETRO|x64.Build.0 = Release|Any CPU
		{8E456298-F8B2-4D9E-949C-0296F0BA07AF}.Release RETRO|x86.ActiveCfg = Release|Any CPU
		{8E456298-F8B2-4D9E-949C-0296F0BA07AF}.Release RETRO|x86.Build.0 = Release|Any CPU
		{8E456298-F8B2-4D9E-949C-0296F0BA07AF}.Release|Any CPU.ActiveCfg = Release|Any CPU
		{8E456298-F8B2-4D9E-949C-0296F0BA07AF}.Release|Any CPU.Build.0 = Release|Any CPU
		{8E456298-F8B2-4D9E-949C-0296F0BA07AF}.Release|x64.ActiveCfg = Release|Any CPU
		{8E456298-F8B2-4D9E-949C-0296F0BA07AF}.Release|x64.Build.0 = Release|Any CPU
		{8E456298-F8B2-4D9E-949C-0296F0BA07AF}.Release|x86.ActiveCfg = Release|Any CPU
		{8E456298-F8B2-4D9E-949C-0296F0BA07AF}.Release|x86.Build.0 = Release|Any CPU
		{8AE37EE4-A82C-48A2-991F-C905086E7CAC}.Debug|Any CPU.ActiveCfg = Debug|Any CPU
		{8AE37EE4-A82C-48A2-991F-C905086E7CAC}.Debug|Any CPU.Build.0 = Debug|Any CPU
		{8AE37EE4-A82C-48A2-991F-C905086E7CAC}.Debug|x64.ActiveCfg = Debug|Any CPU
		{8AE37EE4-A82C-48A2-991F-C905086E7CAC}.Debug|x64.Build.0 = Debug|Any CPU
		{8AE37EE4-A82C-48A2-991F-C905086E7CAC}.Debug|x86.ActiveCfg = Debug|Any CPU
		{8AE37EE4-A82C-48A2-991F-C905086E7CAC}.Debug|x86.Build.0 = Debug|Any CPU
		{8AE37EE4-A82C-48A2-991F-C905086E7CAC}.Release RETRO|Any CPU.ActiveCfg = Release|Any CPU
		{8AE37EE4-A82C-48A2-991F-C905086E7CAC}.Release RETRO|Any CPU.Build.0 = Release|Any CPU
		{8AE37EE4-A82C-48A2-991F-C905086E7CAC}.Release RETRO|x64.ActiveCfg = Release|Any CPU
		{8AE37EE4-A82C-48A2-991F-C905086E7CAC}.Release RETRO|x64.Build.0 = Release|Any CPU
		{8AE37EE4-A82C-48A2-991F-C905086E7CAC}.Release RETRO|x86.ActiveCfg = Release|Any CPU
		{8AE37EE4-A82C-48A2-991F-C905086E7CAC}.Release RETRO|x86.Build.0 = Release|Any CPU
		{8AE37EE4-A82C-48A2-991F-C905086E7CAC}.Release|Any CPU.ActiveCfg = Release|Any CPU
		{8AE37EE4-A82C-48A2-991F-C905086E7CAC}.Release|Any CPU.Build.0 = Release|Any CPU
		{8AE37EE4-A82C-48A2-991F-C905086E7CAC}.Release|x64.ActiveCfg = Release|Any CPU
		{8AE37EE4-A82C-48A2-991F-C905086E7CAC}.Release|x64.Build.0 = Release|Any CPU
		{8AE37EE4-A82C-48A2-991F-C905086E7CAC}.Release|x86.ActiveCfg = Release|Any CPU
		{8AE37EE4-A82C-48A2-991F-C905086E7CAC}.Release|x86.Build.0 = Release|Any CPU
		{9DE59DF2-C12C-41DF-BE2B-347B20641D9D}.Debug|Any CPU.ActiveCfg = Debug|Any CPU
		{9DE59DF2-C12C-41DF-BE2B-347B20641D9D}.Debug|Any CPU.Build.0 = Debug|Any CPU
		{9DE59DF2-C12C-41DF-BE2B-347B20641D9D}.Debug|x64.ActiveCfg = Debug|Any CPU
		{9DE59DF2-C12C-41DF-BE2B-347B20641D9D}.Debug|x64.Build.0 = Debug|Any CPU
		{9DE59DF2-C12C-41DF-BE2B-347B20641D9D}.Debug|x86.ActiveCfg = Debug|Any CPU
		{9DE59DF2-C12C-41DF-BE2B-347B20641D9D}.Debug|x86.Build.0 = Debug|Any CPU
		{9DE59DF2-C12C-41DF-BE2B-347B20641D9D}.Release RETRO|Any CPU.ActiveCfg = Release|Any CPU
		{9DE59DF2-C12C-41DF-BE2B-347B20641D9D}.Release RETRO|Any CPU.Build.0 = Release|Any CPU
		{9DE59DF2-C12C-41DF-BE2B-347B20641D9D}.Release RETRO|x64.ActiveCfg = Release|Any CPU
		{9DE59DF2-C12C-41DF-BE2B-347B20641D9D}.Release RETRO|x64.Build.0 = Release|Any CPU
		{9DE59DF2-C12C-41DF-BE2B-347B20641D9D}.Release RETRO|x86.ActiveCfg = Release|Any CPU
		{9DE59DF2-C12C-41DF-BE2B-347B20641D9D}.Release RETRO|x86.Build.0 = Release|Any CPU
		{9DE59DF2-C12C-41DF-BE2B-347B20641D9D}.Release|Any CPU.ActiveCfg = Release|Any CPU
		{9DE59DF2-C12C-41DF-BE2B-347B20641D9D}.Release|Any CPU.Build.0 = Release|Any CPU
		{9DE59DF2-C12C-41DF-BE2B-347B20641D9D}.Release|x64.ActiveCfg = Release|Any CPU
		{9DE59DF2-C12C-41DF-BE2B-347B20641D9D}.Release|x64.Build.0 = Release|Any CPU
		{9DE59DF2-C12C-41DF-BE2B-347B20641D9D}.Release|x86.ActiveCfg = Release|Any CPU
		{9DE59DF2-C12C-41DF-BE2B-347B20641D9D}.Release|x86.Build.0 = Release|Any CPU
		{74DC297C-D39F-4D66-ABF6-74B59E8DD9F7}.Debug|Any CPU.ActiveCfg = Debug|Any CPU
		{74DC297C-D39F-4D66-ABF6-74B59E8DD9F7}.Debug|Any CPU.Build.0 = Debug|Any CPU
		{74DC297C-D39F-4D66-ABF6-74B59E8DD9F7}.Debug|x64.ActiveCfg = Debug|Any CPU
		{74DC297C-D39F-4D66-ABF6-74B59E8DD9F7}.Debug|x64.Build.0 = Debug|Any CPU
		{74DC297C-D39F-4D66-ABF6-74B59E8DD9F7}.Debug|x86.ActiveCfg = Debug|Any CPU
		{74DC297C-D39F-4D66-ABF6-74B59E8DD9F7}.Debug|x86.Build.0 = Debug|Any CPU
		{74DC297C-D39F-4D66-ABF6-74B59E8DD9F7}.Release RETRO|Any CPU.ActiveCfg = Release|Any CPU
		{74DC297C-D39F-4D66-ABF6-74B59E8DD9F7}.Release RETRO|Any CPU.Build.0 = Release|Any CPU
		{74DC297C-D39F-4D66-ABF6-74B59E8DD9F7}.Release RETRO|x64.ActiveCfg = Release|Any CPU
		{74DC297C-D39F-4D66-ABF6-74B59E8DD9F7}.Release RETRO|x64.Build.0 = Release|Any CPU
		{74DC297C-D39F-4D66-ABF6-74B59E8DD9F7}.Release RETRO|x86.ActiveCfg = Release|Any CPU
		{74DC297C-D39F-4D66-ABF6-74B59E8DD9F7}.Release RETRO|x86.Build.0 = Release|Any CPU
		{74DC297C-D39F-4D66-ABF6-74B59E8DD9F7}.Release|Any CPU.ActiveCfg = Release|Any CPU
		{74DC297C-D39F-4D66-ABF6-74B59E8DD9F7}.Release|Any CPU.Build.0 = Release|Any CPU
		{74DC297C-D39F-4D66-ABF6-74B59E8DD9F7}.Release|x64.ActiveCfg = Release|Any CPU
		{74DC297C-D39F-4D66-ABF6-74B59E8DD9F7}.Release|x64.Build.0 = Release|Any CPU
		{74DC297C-D39F-4D66-ABF6-74B59E8DD9F7}.Release|x86.ActiveCfg = Release|Any CPU
		{74DC297C-D39F-4D66-ABF6-74B59E8DD9F7}.Release|x86.Build.0 = Release|Any CPU
		{252B3430-18EE-419A-BCDE-B72C24BF7C84}.Debug|Any CPU.ActiveCfg = Debug|Any CPU
		{252B3430-18EE-419A-BCDE-B72C24BF7C84}.Debug|Any CPU.Build.0 = Debug|Any CPU
		{252B3430-18EE-419A-BCDE-B72C24BF7C84}.Debug|x64.ActiveCfg = Debug|Any CPU
		{252B3430-18EE-419A-BCDE-B72C24BF7C84}.Debug|x64.Build.0 = Debug|Any CPU
		{252B3430-18EE-419A-BCDE-B72C24BF7C84}.Debug|x86.ActiveCfg = Debug|Any CPU
		{252B3430-18EE-419A-BCDE-B72C24BF7C84}.Debug|x86.Build.0 = Debug|Any CPU
		{252B3430-18EE-419A-BCDE-B72C24BF7C84}.Release RETRO|Any CPU.ActiveCfg = Release|Any CPU
		{252B3430-18EE-419A-BCDE-B72C24BF7C84}.Release RETRO|Any CPU.Build.0 = Release|Any CPU
		{252B3430-18EE-419A-BCDE-B72C24BF7C84}.Release RETRO|x64.ActiveCfg = Release|Any CPU
		{252B3430-18EE-419A-BCDE-B72C24BF7C84}.Release RETRO|x64.Build.0 = Release|Any CPU
		{252B3430-18EE-419A-BCDE-B72C24BF7C84}.Release RETRO|x86.ActiveCfg = Release|Any CPU
		{252B3430-18EE-419A-BCDE-B72C24BF7C84}.Release RETRO|x86.Build.0 = Release|Any CPU
		{252B3430-18EE-419A-BCDE-B72C24BF7C84}.Release|Any CPU.ActiveCfg = Release|Any CPU
		{252B3430-18EE-419A-BCDE-B72C24BF7C84}.Release|Any CPU.Build.0 = Release|Any CPU
		{252B3430-18EE-419A-BCDE-B72C24BF7C84}.Release|x64.ActiveCfg = Release|Any CPU
		{252B3430-18EE-419A-BCDE-B72C24BF7C84}.Release|x64.Build.0 = Release|Any CPU
		{252B3430-18EE-419A-BCDE-B72C24BF7C84}.Release|x86.ActiveCfg = Release|Any CPU
		{252B3430-18EE-419A-BCDE-B72C24BF7C84}.Release|x86.Build.0 = Release|Any CPU
		{5BBB6ADE-7D3D-4E13-BCAF-F39F0602EA6D}.Debug|Any CPU.ActiveCfg = Debug|Any CPU
		{5BBB6ADE-7D3D-4E13-BCAF-F39F0602EA6D}.Debug|Any CPU.Build.0 = Debug|Any CPU
		{5BBB6ADE-7D3D-4E13-BCAF-F39F0602EA6D}.Debug|x64.ActiveCfg = Debug|Any CPU
		{5BBB6ADE-7D3D-4E13-BCAF-F39F0602EA6D}.Debug|x64.Build.0 = Debug|Any CPU
		{5BBB6ADE-7D3D-4E13-BCAF-F39F0602EA6D}.Debug|x86.ActiveCfg = Debug|Any CPU
		{5BBB6ADE-7D3D-4E13-BCAF-F39F0602EA6D}.Debug|x86.Build.0 = Debug|Any CPU
		{5BBB6ADE-7D3D-4E13-BCAF-F39F0602EA6D}.Release RETRO|Any CPU.ActiveCfg = Release|Any CPU
		{5BBB6ADE-7D3D-4E13-BCAF-F39F0602EA6D}.Release RETRO|Any CPU.Build.0 = Release|Any CPU
		{5BBB6ADE-7D3D-4E13-BCAF-F39F0602EA6D}.Release RETRO|x64.ActiveCfg = Release|Any CPU
		{5BBB6ADE-7D3D-4E13-BCAF-F39F0602EA6D}.Release RETRO|x64.Build.0 = Release|Any CPU
		{5BBB6ADE-7D3D-4E13-BCAF-F39F0602EA6D}.Release RETRO|x86.ActiveCfg = Release|Any CPU
		{5BBB6ADE-7D3D-4E13-BCAF-F39F0602EA6D}.Release RETRO|x86.Build.0 = Release|Any CPU
		{5BBB6ADE-7D3D-4E13-BCAF-F39F0602EA6D}.Release|Any CPU.ActiveCfg = Release|Any CPU
		{5BBB6ADE-7D3D-4E13-BCAF-F39F0602EA6D}.Release|Any CPU.Build.0 = Release|Any CPU
		{5BBB6ADE-7D3D-4E13-BCAF-F39F0602EA6D}.Release|x64.ActiveCfg = Release|Any CPU
		{5BBB6ADE-7D3D-4E13-BCAF-F39F0602EA6D}.Release|x64.Build.0 = Release|Any CPU
		{5BBB6ADE-7D3D-4E13-BCAF-F39F0602EA6D}.Release|x86.ActiveCfg = Release|Any CPU
		{5BBB6ADE-7D3D-4E13-BCAF-F39F0602EA6D}.Release|x86.Build.0 = Release|Any CPU
		{6C3685FE-060D-4179-B0F4-26B194915F95}.Debug|Any CPU.ActiveCfg = Debug|Any CPU
		{6C3685FE-060D-4179-B0F4-26B194915F95}.Debug|Any CPU.Build.0 = Debug|Any CPU
		{6C3685FE-060D-4179-B0F4-26B194915F95}.Debug|x64.ActiveCfg = Debug|Any CPU
		{6C3685FE-060D-4179-B0F4-26B194915F95}.Debug|x64.Build.0 = Debug|Any CPU
		{6C3685FE-060D-4179-B0F4-26B194915F95}.Debug|x86.ActiveCfg = Debug|Any CPU
		{6C3685FE-060D-4179-B0F4-26B194915F95}.Debug|x86.Build.0 = Debug|Any CPU
		{6C3685FE-060D-4179-B0F4-26B194915F95}.Release RETRO|Any CPU.ActiveCfg = Release|Any CPU
		{6C3685FE-060D-4179-B0F4-26B194915F95}.Release RETRO|Any CPU.Build.0 = Release|Any CPU
		{6C3685FE-060D-4179-B0F4-26B194915F95}.Release RETRO|x64.ActiveCfg = Release|Any CPU
		{6C3685FE-060D-4179-B0F4-26B194915F95}.Release RETRO|x64.Build.0 = Release|Any CPU
		{6C3685FE-060D-4179-B0F4-26B194915F95}.Release RETRO|x86.ActiveCfg = Release|Any CPU
		{6C3685FE-060D-4179-B0F4-26B194915F95}.Release RETRO|x86.Build.0 = Release|Any CPU
		{6C3685FE-060D-4179-B0F4-26B194915F95}.Release|Any CPU.ActiveCfg = Release|Any CPU
		{6C3685FE-060D-4179-B0F4-26B194915F95}.Release|Any CPU.Build.0 = Release|Any CPU
		{6C3685FE-060D-4179-B0F4-26B194915F95}.Release|x64.ActiveCfg = Release|Any CPU
		{6C3685FE-060D-4179-B0F4-26B194915F95}.Release|x64.Build.0 = Release|Any CPU
		{6C3685FE-060D-4179-B0F4-26B194915F95}.Release|x86.ActiveCfg = Release|Any CPU
		{6C3685FE-060D-4179-B0F4-26B194915F95}.Release|x86.Build.0 = Release|Any CPU
	EndGlobalSection
	GlobalSection(SolutionProperties) = preSolution
		HideSolutionNode = FALSE
	EndGlobalSection
	GlobalSection(ExtensibilityGlobals) = postSolution
		SolutionGuid = {E5B46F1A-0346-4682-8C41-15380FF724C0}
	EndGlobalSection
EndGlobal
